
Microsoft Visual Studio Solution File, Format Version 12.00
# Visual Studio Version 17
VisualStudioVersion = 17.13.35931.197 d17.13
MinimumVisualStudioVersion = 10.0.40219.1
Project("{FAE04EC0-301F-11D3-BF4B-00C04F79EFBC}") = "InfotecsInternTask", "InfotecsInternTask.csproj", "{D05B3FFB-B35E-4775-BE96-74C98D794569}"
EndProject
Global
	GlobalSection(SolutionConfigurationPlatforms) = preSolution
		Debug|Any CPU = Debug|Any CPU
		Release|Any CPU = Release|Any CPU
	EndGlobalSection
	GlobalSection(ProjectConfigurationPlatforms) = postSolution
		{D05B3FFB-B35E-4775-BE96-74C98D794569}.Debug|Any CPU.ActiveCfg = Debug|Any CPU
		{D05B3FFB-B35E-4775-BE96-74C98D794569}.Debug|Any CPU.Build.0 = Debug|Any CPU
		{D05B3FFB-B35E-4775-BE96-74C98D794569}.Release|Any CPU.ActiveCfg = Release|Any CPU
		{D05B3FFB-B35E-4775-BE96-74C98D794569}.Release|Any CPU.Build.0 = Release|Any CPU
	EndGlobalSection
	GlobalSection(SolutionProperties) = preSolution
		HideSolutionNode = FALSE
	EndGlobalSection
	GlobalSection(ExtensibilityGlobals) = postSolution
		SolutionGuid = {51887CBE-773D-4064-8069-14FD1733ECB6}
	EndGlobalSection
EndGlobal
